
Microsoft Visual Studio Solution File, Format Version 12.00
# Visual Studio 15
Project("{FAE04EC0-301F-11D3-BF4B-00C04F79EFBC}") = "AstarPathfindingProject", "AstarPathfindingProject.csproj", "{15743B3A-C2E1-1F23-CDAE-E5013A1F0E07}"
EndProject
Project("{FAE04EC0-301F-11D3-BF4B-00C04F79EFBC}") = "Assembly-CSharp", "Assembly-CSharp.csproj", "{1FDA6A20-3274-BD20-6C2A-F75214EB9CF6}"
EndProject
Project("{FAE04EC0-301F-11D3-BF4B-00C04F79EFBC}") = "PackageToolsEditor", "PackageToolsEditor.csproj", "{75E13F82-EE3C-72A6-ECAF-567E2909E32C}"
EndProject
Project("{FAE04EC0-301F-11D3-BF4B-00C04F79EFBC}") = "AstarPathfindingProjectEditor", "AstarPathfindingProjectEditor.csproj", "{801C59F8-DFED-3D8D-2E62-345C0829FFEB}"
EndProject
Global
	GlobalSection(SolutionConfigurationPlatforms) = preSolution
		Debug|Any CPU = Debug|Any CPU
		Release|Any CPU = Release|Any CPU
	EndGlobalSection
	GlobalSection(ProjectConfigurationPlatforms) = postSolution
		{15743B3A-C2E1-1F23-CDAE-E5013A1F0E07}.Debug|Any CPU.ActiveCfg = Debug|Any CPU
		{15743B3A-C2E1-1F23-CDAE-E5013A1F0E07}.Debug|Any CPU.Build.0 = Debug|Any CPU
		{15743B3A-C2E1-1F23-CDAE-E5013A1F0E07}.Release|Any CPU.ActiveCfg = Release|Any CPU
		{15743B3A-C2E1-1F23-CDAE-E5013A1F0E07}.Release|Any CPU.Build.0 = Release|Any CPU
		{1FDA6A20-3274-BD20-6C2A-F75214EB9CF6}.Debug|Any CPU.ActiveCfg = Debug|Any CPU
		{1FDA6A20-3274-BD20-6C2A-F75214EB9CF6}.Debug|Any CPU.Build.0 = Debug|Any CPU
		{1FDA6A20-3274-BD20-6C2A-F75214EB9CF6}.Release|Any CPU.ActiveCfg = Release|Any CPU
		{1FDA6A20-3274-BD20-6C2A-F75214EB9CF6}.Release|Any CPU.Build.0 = Release|Any CPU
		{75E13F82-EE3C-72A6-ECAF-567E2909E32C}.Debug|Any CPU.ActiveCfg = Debug|Any CPU
		{75E13F82-EE3C-72A6-ECAF-567E2909E32C}.Debug|Any CPU.Build.0 = Debug|Any CPU
		{75E13F82-EE3C-72A6-ECAF-567E2909E32C}.Release|Any CPU.ActiveCfg = Release|Any CPU
		{75E13F82-EE3C-72A6-ECAF-567E2909E32C}.Release|Any CPU.Build.0 = Release|Any CPU
		{801C59F8-DFED-3D8D-2E62-345C0829FFEB}.Debug|Any CPU.ActiveCfg = Debug|Any CPU
		{801C59F8-DFED-3D8D-2E62-345C0829FFEB}.Debug|Any CPU.Build.0 = Debug|Any CPU
		{801C59F8-DFED-3D8D-2E62-345C0829FFEB}.Release|Any CPU.ActiveCfg = Release|Any CPU
		{801C59F8-DFED-3D8D-2E62-345C0829FFEB}.Release|Any CPU.Build.0 = Release|Any CPU
	EndGlobalSection
	GlobalSection(SolutionProperties) = preSolution
		HideSolutionNode = FALSE
	EndGlobalSection
EndGlobal
